// !$*UTF8*$!
{
	archiveVersion = 1;
	classes = {
	};
	objectVersion = 48;
	objects = {

/* Begin PBXBuildFile section */
		3545B5D620340C6600FDCEA6 /* MMTabBarControllerViewController.swift in Sources */ = {isa = PBXBuildFile; fileRef = 3545B5D520340C6600FDCEA6 /* MMTabBarControllerViewController.swift */; };
		A5486BDF179113A5190F6272 /* Pods_moneyManagement.framework in Frameworks */ = {isa = PBXBuildFile; fileRef = 26C6BA7ED81D9F7E1CD44ED4 /* Pods_moneyManagement.framework */; };
		B81A6AA7202592D0008123D5 /* AppDelegate.swift in Sources */ = {isa = PBXBuildFile; fileRef = B81A6AA6202592D0008123D5 /* AppDelegate.swift */; };
		B81A6AA9202592D0008123D5 /* CalendarViewController.swift in Sources */ = {isa = PBXBuildFile; fileRef = B81A6AA8202592D0008123D5 /* CalendarViewController.swift */; };
		B81A6AAC202592D0008123D5 /* Main.storyboard in Resources */ = {isa = PBXBuildFile; fileRef = B81A6AAA202592D0008123D5 /* Main.storyboard */; };
		B81A6AAE202592D0008123D5 /* Assets.xcassets in Resources */ = {isa = PBXBuildFile; fileRef = B81A6AAD202592D0008123D5 /* Assets.xcassets */; };
		B81A6AB1202592D0008123D5 /* LaunchScreen.storyboard in Resources */ = {isa = PBXBuildFile; fileRef = B81A6AAF202592D0008123D5 /* LaunchScreen.storyboard */; };
		B81A6AB92025935A008123D5 /* Calendar.storyboard in Resources */ = {isa = PBXBuildFile; fileRef = B81A6AB82025935A008123D5 /* Calendar.storyboard */; };
		B81A6ABB20259364008123D5 /* Graph.storyboard in Resources */ = {isa = PBXBuildFile; fileRef = B81A6ABA20259364008123D5 /* Graph.storyboard */; };
		B81A6ABD20259374008123D5 /* Input.storyboard in Resources */ = {isa = PBXBuildFile; fileRef = B81A6ABC20259374008123D5 /* Input.storyboard */; };
		B81A6ABF202593AD008123D5 /* Explanation.storyboard in Resources */ = {isa = PBXBuildFile; fileRef = B81A6ABE202593AD008123D5 /* Explanation.storyboard */; };
		B81A6AC120259585008123D5 /* GraphViewController.swift in Sources */ = {isa = PBXBuildFile; fileRef = B81A6AC020259585008123D5 /* GraphViewController.swift */; };
		B81A6AC320259590008123D5 /* InputViewController.swift in Sources */ = {isa = PBXBuildFile; fileRef = B81A6AC220259590008123D5 /* InputViewController.swift */; };
		B81A6AC52025959A008123D5 /* ExplanationViewController.swift in Sources */ = {isa = PBXBuildFile; fileRef = B81A6AC42025959A008123D5 /* ExplanationViewController.swift */; };
		B81A6AC720259EE4008123D5 /* Database.swift in Sources */ = {isa = PBXBuildFile; fileRef = B81A6AC620259EE4008123D5 /* Database.swift */; };
/* End PBXBuildFile section */

/* Begin PBXFileReference section */
		26C6BA7ED81D9F7E1CD44ED4 /* Pods_moneyManagement.framework */ = {isa = PBXFileReference; explicitFileType = wrapper.framework; includeInIndex = 0; path = Pods_moneyManagement.framework; sourceTree = BUILT_PRODUCTS_DIR; };
		3545B5D520340C6600FDCEA6 /* MMTabBarControllerViewController.swift */ = {isa = PBXFileReference; fileEncoding = 4; lastKnownFileType = sourcecode.swift; path = MMTabBarControllerViewController.swift; sourceTree = SOURCE_ROOT; };
		4120E75D49DB2F927D347F16 /* Pods-moneyManagement.release.xcconfig */ = {isa = PBXFileReference; includeInIndex = 1; lastKnownFileType = text.xcconfig; name = "Pods-moneyManagement.release.xcconfig"; path = "Pods/Target Support Files/Pods-moneyManagement/Pods-moneyManagement.release.xcconfig"; sourceTree = "<group>"; };
		B81A6AA3202592CF008123D5 /* moneyManagement.app */ = {isa = PBXFileReference; explicitFileType = wrapper.application; includeInIndex = 0; path = moneyManagement.app; sourceTree = BUILT_PRODUCTS_DIR; };
		B81A6AA6202592D0008123D5 /* AppDelegate.swift */ = {isa = PBXFileReference; lastKnownFileType = sourcecode.swift; path = AppDelegate.swift; sourceTree = "<group>"; };
		B81A6AA8202592D0008123D5 /* CalendarViewController.swift */ = {isa = PBXFileReference; lastKnownFileType = sourcecode.swift; path = CalendarViewController.swift; sourceTree = "<group>"; };
		B81A6AAB202592D0008123D5 /* Base */ = {isa = PBXFileReference; lastKnownFileType = file.storyboard; name = Base; path = Base.lproj/Main.storyboard; sourceTree = "<group>"; };
		B81A6AAD202592D0008123D5 /* Assets.xcassets */ = {isa = PBXFileReference; lastKnownFileType = folder.assetcatalog; path = Assets.xcassets; sourceTree = "<group>"; };
		B81A6AB0202592D0008123D5 /* Base */ = {isa = PBXFileReference; lastKnownFileType = file.storyboard; name = Base; path = Base.lproj/LaunchScreen.storyboard; sourceTree = "<group>"; };
		B81A6AB2202592D0008123D5 /* Info.plist */ = {isa = PBXFileReference; lastKnownFileType = text.plist.xml; path = Info.plist; sourceTree = "<group>"; };
		B81A6AB82025935A008123D5 /* Calendar.storyboard */ = {isa = PBXFileReference; lastKnownFileType = file.storyboard; path = Calendar.storyboard; sourceTree = "<group>"; };
		B81A6ABA20259364008123D5 /* Graph.storyboard */ = {isa = PBXFileReference; lastKnownFileType = file.storyboard; path = Graph.storyboard; sourceTree = "<group>"; };
		B81A6ABC20259374008123D5 /* Input.storyboard */ = {isa = PBXFileReference; lastKnownFileType = file.storyboard; path = Input.storyboard; sourceTree = "<group>"; };
		B81A6ABE202593AD008123D5 /* Explanation.storyboard */ = {isa = PBXFileReference; lastKnownFileType = file.storyboard; path = Explanation.storyboard; sourceTree = "<group>"; };
		B81A6AC020259585008123D5 /* GraphViewController.swift */ = {isa = PBXFileReference; lastKnownFileType = sourcecode.swift; path = GraphViewController.swift; sourceTree = "<group>"; };
		B81A6AC220259590008123D5 /* InputViewController.swift */ = {isa = PBXFileReference; lastKnownFileType = sourcecode.swift; path = InputViewController.swift; sourceTree = "<group>"; };
		B81A6AC42025959A008123D5 /* ExplanationViewController.swift */ = {isa = PBXFileReference; lastKnownFileType = sourcecode.swift; path = ExplanationViewController.swift; sourceTree = "<group>"; };
		B81A6AC620259EE4008123D5 /* Database.swift */ = {isa = PBXFileReference; lastKnownFileType = sourcecode.swift; path = Database.swift; sourceTree = "<group>"; };
		EA220F3729CC82EB5C8FD827 /* Pods-moneyManagement.debug.xcconfig */ = {isa = PBXFileReference; includeInIndex = 1; lastKnownFileType = text.xcconfig; name = "Pods-moneyManagement.debug.xcconfig"; path = "Pods/Target Support Files/Pods-moneyManagement/Pods-moneyManagement.debug.xcconfig"; sourceTree = "<group>"; };
/* End PBXFileReference section */

/* Begin PBXFrameworksBuildPhase section */
		B81A6AA0202592CF008123D5 /* Frameworks */ = {
			isa = PBXFrameworksBuildPhase;
			buildActionMask = 2147483647;
			files = (
				A5486BDF179113A5190F6272 /* Pods_moneyManagement.framework in Frameworks */,
			);
			runOnlyForDeploymentPostprocessing = 0;
		};
/* End PBXFrameworksBuildPhase section */

/* Begin PBXGroup section */
		0C81B73327892F70C221E839 /* Frameworks */ = {
			isa = PBXGroup;
			children = (
				26C6BA7ED81D9F7E1CD44ED4 /* Pods_moneyManagement.framework */,
			);
			name = Frameworks;
			sourceTree = "<group>";
		};
		543BD15EBEEEBB99EAA4C53F /* Pods */ = {
			isa = PBXGroup;
			children = (
				EA220F3729CC82EB5C8FD827 /* Pods-moneyManagement.debug.xcconfig */,
				4120E75D49DB2F927D347F16 /* Pods-moneyManagement.release.xcconfig */,
			);
			name = Pods;
			sourceTree = "<group>";
		};
		B81A6A9A202592CF008123D5 = {
			isa = PBXGroup;
			children = (
				B81A6AA5202592CF008123D5 /* moneyManagement */,
				B81A6AA4202592CF008123D5 /* Products */,
				543BD15EBEEEBB99EAA4C53F /* Pods */,
				0C81B73327892F70C221E839 /* Frameworks */,
			);
			sourceTree = "<group>";
		};
		B81A6AA4202592CF008123D5 /* Products */ = {
			isa = PBXGroup;
			children = (
				B81A6AA3202592CF008123D5 /* moneyManagement.app */,
			);
			name = Products;
			sourceTree = "<group>";
		};
		B81A6AA5202592CF008123D5 /* moneyManagement */ = {
			isa = PBXGroup;
			children = (
				B81A6AA6202592D0008123D5 /* AppDelegate.swift */,
				B81A6AA8202592D0008123D5 /* CalendarViewController.swift */,
				B81A6AC020259585008123D5 /* GraphViewController.swift */,
				B81A6AC220259590008123D5 /* InputViewController.swift */,
				3545B5D520340C6600FDCEA6 /* MMTabBarControllerViewController.swift */,
				B81A6AC42025959A008123D5 /* ExplanationViewController.swift */,
				B81A6AC620259EE4008123D5 /* Database.swift */,
				B81A6AAA202592D0008123D5 /* Main.storyboard */,
				B81A6AB82025935A008123D5 /* Calendar.storyboard */,
				B81A6ABA20259364008123D5 /* Graph.storyboard */,
				B81A6ABC20259374008123D5 /* Input.storyboard */,
				B81A6ABE202593AD008123D5 /* Explanation.storyboard */,
				B81A6AAD202592D0008123D5 /* Assets.xcassets */,
				B81A6AAF202592D0008123D5 /* LaunchScreen.storyboard */,
				B81A6AB2202592D0008123D5 /* Info.plist */,
			);
			path = moneyManagement;
			sourceTree = "<group>";
		};
/* End PBXGroup section */

/* Begin PBXNativeTarget section */
		B81A6AA2202592CF008123D5 /* moneyManagement */ = {
			isa = PBXNativeTarget;
			buildConfigurationList = B81A6AB5202592D0008123D5 /* Build configuration list for PBXNativeTarget "moneyManagement" */;
			buildPhases = (
				DD23CB5FC2E1B12D0CBA9C23 /* [CP] Check Pods Manifest.lock */,
				B81A6A9F202592CF008123D5 /* Sources */,
				B81A6AA0202592CF008123D5 /* Frameworks */,
				B81A6AA1202592CF008123D5 /* Resources */,
				ADCB759B386A9B887C5BDA01 /* [CP] Embed Pods Frameworks */,
				6C9048B85A8662EB4554161B /* [CP] Copy Pods Resources */,
			);
			buildRules = (
			);
			dependencies = (
			);
			name = moneyManagement;
			productName = moneyManagement;
			productReference = B81A6AA3202592CF008123D5 /* moneyManagement.app */;
			productType = "com.apple.product-type.application";
		};
/* End PBXNativeTarget section */

/* Begin PBXProject section */
		B81A6A9B202592CF008123D5 /* Project object */ = {
			isa = PBXProject;
			attributes = {
				LastSwiftUpdateCheck = 0920;
				LastUpgradeCheck = 0920;
				ORGANIZATIONNAME = Univ_ryukyu;
				TargetAttributes = {
					B81A6AA2202592CF008123D5 = {
						CreatedOnToolsVersion = 9.2;
						ProvisioningStyle = Automatic;
					};
				};
			};
			buildConfigurationList = B81A6A9E202592CF008123D5 /* Build configuration list for PBXProject "moneyManagement" */;
			compatibilityVersion = "Xcode 8.0";
			developmentRegion = en;
			hasScannedForEncodings = 0;
			knownRegions = (
				en,
				Base,
			);
			mainGroup = B81A6A9A202592CF008123D5;
			productRefGroup = B81A6AA4202592CF008123D5 /* Products */;
			projectDirPath = "";
			projectRoot = "";
			targets = (
				B81A6AA2202592CF008123D5 /* moneyManagement */,
			);
		};
/* End PBXProject section */

/* Begin PBXResourcesBuildPhase section */
		B81A6AA1202592CF008123D5 /* Resources */ = {
			isa = PBXResourcesBuildPhase;
			buildActionMask = 2147483647;
			files = (
				B81A6AB92025935A008123D5 /* Calendar.storyboard in Resources */,
				B81A6ABD20259374008123D5 /* Input.storyboard in Resources */,
				B81A6AB1202592D0008123D5 /* LaunchScreen.storyboard in Resources */,
				B81A6ABB20259364008123D5 /* Graph.storyboard in Resources */,
				B81A6AAE202592D0008123D5 /* Assets.xcassets in Resources */,
				B81A6AAC202592D0008123D5 /* Main.storyboard in Resources */,
				B81A6ABF202593AD008123D5 /* Explanation.storyboard in Resources */,
			);
			runOnlyForDeploymentPostprocessing = 0;
		};
/* End PBXResourcesBuildPhase section */

/* Begin PBXShellScriptBuildPhase section */
		6C9048B85A8662EB4554161B /* [CP] Copy Pods Resources */ = {
			isa = PBXShellScriptBuildPhase;
			buildActionMask = 2147483647;
			files = (
			);
			inputPaths = (
			);
			name = "[CP] Copy Pods Resources";
			outputPaths = (
			);
			runOnlyForDeploymentPostprocessing = 0;
			shellPath = /bin/sh;
			shellScript = "\"${SRCROOT}/Pods/Target Support Files/Pods-moneyManagement/Pods-moneyManagement-resources.sh\"\n";
			showEnvVarsInLog = 0;
		};
		ADCB759B386A9B887C5BDA01 /* [CP] Embed Pods Frameworks */ = {
			isa = PBXShellScriptBuildPhase;
			buildActionMask = 2147483647;
			files = (
			);
			inputPaths = (
				"${SRCROOT}/Pods/Target Support Files/Pods-moneyManagement/Pods-moneyManagement-frameworks.sh",
				"${BUILT_PRODUCTS_DIR}/CalculateCalendarLogic/CalculateCalendarLogic.framework",
				"${BUILT_PRODUCTS_DIR}/Charts/Charts.framework",
				"${BUILT_PRODUCTS_DIR}/FSCalendar/FSCalendar.framework",
				"${BUILT_PRODUCTS_DIR}/Realm/Realm.framework",
				"${BUILT_PRODUCTS_DIR}/RealmSwift/RealmSwift.framework",
			);
			name = "[CP] Embed Pods Frameworks";
			outputPaths = (
				"${TARGET_BUILD_DIR}/${FRAMEWORKS_FOLDER_PATH}/CalculateCalendarLogic.framework",
				"${TARGET_BUILD_DIR}/${FRAMEWORKS_FOLDER_PATH}/Charts.framework",
				"${TARGET_BUILD_DIR}/${FRAMEWORKS_FOLDER_PATH}/FSCalendar.framework",
				"${TARGET_BUILD_DIR}/${FRAMEWORKS_FOLDER_PATH}/Realm.framework",
				"${TARGET_BUILD_DIR}/${FRAMEWORKS_FOLDER_PATH}/RealmSwift.framework",
			);
			runOnlyForDeploymentPostprocessing = 0;
			shellPath = /bin/sh;
			shellScript = "\"${SRCROOT}/Pods/Target Support Files/Pods-moneyManagement/Pods-moneyManagement-frameworks.sh\"\n";
			showEnvVarsInLog = 0;
		};
		DD23CB5FC2E1B12D0CBA9C23 /* [CP] Check Pods Manifest.lock */ = {
			isa = PBXShellScriptBuildPhase;
			buildActionMask = 2147483647;
			files = (
			);
			inputPaths = (
				"${PODS_PODFILE_DIR_PATH}/Podfile.lock",
				"${PODS_ROOT}/Manifest.lock",
			);
			name = "[CP] Check Pods Manifest.lock";
			outputPaths = (
				"$(DERIVED_FILE_DIR)/Pods-moneyManagement-checkManifestLockResult.txt",
			);
			runOnlyForDeploymentPostprocessing = 0;
			shellPath = /bin/sh;
			shellScript = "diff \"${PODS_PODFILE_DIR_PATH}/Podfile.lock\" \"${PODS_ROOT}/Manifest.lock\" > /dev/null\nif [ $? != 0 ] ; then\n    # print error to STDERR\n    echo \"error: The sandbox is not in sync with the Podfile.lock. Run 'pod install' or update your CocoaPods installation.\" >&2\n    exit 1\nfi\n# This output is used by Xcode 'outputs' to avoid re-running this script phase.\necho \"SUCCESS\" > \"${SCRIPT_OUTPUT_FILE_0}\"\n";
			showEnvVarsInLog = 0;
		};
/* End PBXShellScriptBuildPhase section */

/* Begin PBXSourcesBuildPhase section */
		B81A6A9F202592CF008123D5 /* Sources */ = {
			isa = PBXSourcesBuildPhase;
			buildActionMask = 2147483647;
			files = (
				B81A6AC720259EE4008123D5 /* Database.swift in Sources */,
				3545B5D620340C6600FDCEA6 /* MMTabBarControllerViewController.swift in Sources */,
				B81A6AC120259585008123D5 /* GraphViewController.swift in Sources */,
				B81A6AA9202592D0008123D5 /* CalendarViewController.swift in Sources */,
				B81A6AA7202592D0008123D5 /* AppDelegate.swift in Sources */,
				B81A6AC320259590008123D5 /* InputViewController.swift in Sources */,
				B81A6AC52025959A008123D5 /* ExplanationViewController.swift in Sources */,
			);
			runOnlyForDeploymentPostprocessing = 0;
		};
/* End PBXSourcesBuildPhase section */

/* Begin PBXVariantGroup section */
		B81A6AAA202592D0008123D5 /* Main.storyboard */ = {
			isa = PBXVariantGroup;
			children = (
				B81A6AAB202592D0008123D5 /* Base */,
			);
			name = Main.storyboard;
			sourceTree = "<group>";
		};
		B81A6AAF202592D0008123D5 /* LaunchScreen.storyboard */ = {
			isa = PBXVariantGroup;
			children = (
				B81A6AB0202592D0008123D5 /* Base */,
			);
			name = LaunchScreen.storyboard;
			sourceTree = "<group>";
		};
/* End PBXVariantGroup section */

/* Begin XCBuildConfiguration section */
		B81A6AB3202592D0008123D5 /* Debug */ = {
			isa = XCBuildConfiguration;
			buildSettings = {
				ALWAYS_SEARCH_USER_PATHS = NO;
				CLANG_ANALYZER_NONNULL = YES;
				CLANG_ANALYZER_NUMBER_OBJECT_CONVERSION = YES_AGGRESSIVE;
				CLANG_CXX_LANGUAGE_STANDARD = "gnu++14";
				CLANG_CXX_LIBRARY = "libc++";
				CLANG_ENABLE_MODULES = YES;
				CLANG_ENABLE_OBJC_ARC = YES;
				CLANG_WARN_BLOCK_CAPTURE_AUTORELEASING = YES;
				CLANG_WARN_BOOL_CONVERSION = YES;
				CLANG_WARN_COMMA = YES;
				CLANG_WARN_CONSTANT_CONVERSION = YES;
				CLANG_WARN_DIRECT_OBJC_ISA_USAGE = YES_ERROR;
				CLANG_WARN_DOCUMENTATION_COMMENTS = YES;
				CLANG_WARN_EMPTY_BODY = YES;
				CLANG_WARN_ENUM_CONVERSION = YES;
				CLANG_WARN_INFINITE_RECURSION = YES;
				CLANG_WARN_INT_CONVERSION = YES;
				CLANG_WARN_NON_LITERAL_NULL_CONVERSION = YES;
				CLANG_WARN_OBJC_LITERAL_CONVERSION = YES;
				CLANG_WARN_OBJC_ROOT_CLASS = YES_ERROR;
				CLANG_WARN_RANGE_LOOP_ANALYSIS = YES;
				CLANG_WARN_STRICT_PROTOTYPES = YES;
				CLANG_WARN_SUSPICIOUS_MOVE = YES;
				CLANG_WARN_UNGUARDED_AVAILABILITY = YES_AGGRESSIVE;
				CLANG_WARN_UNREACHABLE_CODE = YES;
				CLANG_WARN__DUPLICATE_METHOD_MATCH = YES;
				CODE_SIGN_IDENTITY = "iPhone Developer";
				COPY_PHASE_STRIP = NO;
				DEBUG_INFORMATION_FORMAT = dwarf;
				ENABLE_STRICT_OBJC_MSGSEND = YES;
				ENABLE_TESTABILITY = YES;
				GCC_C_LANGUAGE_STANDARD = gnu11;
				GCC_DYNAMIC_NO_PIC = NO;
				GCC_NO_COMMON_BLOCKS = YES;
				GCC_OPTIMIZATION_LEVEL = 0;
				GCC_PREPROCESSOR_DEFINITIONS = (
					"DEBUG=1",
					"$(inherited)",
				);
				GCC_WARN_64_TO_32_BIT_CONVERSION = YES;
				GCC_WARN_ABOUT_RETURN_TYPE = YES_ERROR;
				GCC_WARN_UNDECLARED_SELECTOR = YES;
				GCC_WARN_UNINITIALIZED_AUTOS = YES_AGGRESSIVE;
				GCC_WARN_UNUSED_FUNCTION = YES;
				GCC_WARN_UNUSED_VARIABLE = YES;
				IPHONEOS_DEPLOYMENT_TARGET = 11.2;
				MTL_ENABLE_DEBUG_INFO = YES;
				ONLY_ACTIVE_ARCH = YES;
				SDKROOT = iphoneos;
				SWIFT_ACTIVE_COMPILATION_CONDITIONS = DEBUG;
				SWIFT_OPTIMIZATION_LEVEL = "-Onone";
			};
			name = Debug;
		};
		B81A6AB4202592D0008123D5 /* Release */ = {
			isa = XCBuildConfiguration;
			buildSettings = {
				ALWAYS_SEARCH_USER_PATHS = NO;
				CLANG_ANALYZER_NONNULL = YES;
				CLANG_ANALYZER_NUMBER_OBJECT_CONVERSION = YES_AGGRESSIVE;
				CLANG_CXX_LANGUAGE_STANDARD = "gnu++14";
				CLANG_CXX_LIBRARY = "libc++";
				CLANG_ENABLE_MODULES = YES;
				CLANG_ENABLE_OBJC_ARC = YES;
				CLANG_WARN_BLOCK_CAPTURE_AUTORELEASING = YES;
				CLANG_WARN_BOOL_CONVERSION = YES;
				CLANG_WARN_COMMA = YES;
				CLANG_WARN_CONSTANT_CONVERSION = YES;
				CLANG_WARN_DIRECT_OBJC_ISA_USAGE = YES_ERROR;
				CLANG_WARN_DOCUMENTATION_COMMENTS = YES;
				CLANG_WARN_EMPTY_BODY = YES;
				CLANG_WARN_ENUM_CONVERSION = YES;
				CLANG_WARN_INFINITE_RECURSION = YES;
				CLANG_WARN_INT_CONVERSION = YES;
				CLANG_WARN_NON_LITERAL_NULL_CONVERSION = YES;
				CLANG_WARN_OBJC_LITERAL_CONVERSION = YES;
				CLANG_WARN_OBJC_ROOT_CLASS = YES_ERROR;
				CLANG_WARN_RANGE_LOOP_ANALYSIS = YES;
				CLANG_WARN_STRICT_PROTOTYPES = YES;
				CLANG_WARN_SUSPICIOUS_MOVE = YES;
				CLANG_WARN_UNGUARDED_AVAILABILITY = YES_AGGRESSIVE;
				CLANG_WARN_UNREACHABLE_CODE = YES;
				CLANG_WARN__DUPLICATE_METHOD_MATCH = YES;
				CODE_SIGN_IDENTITY = "iPhone Developer";
				COPY_PHASE_STRIP = NO;
				DEBUG_INFORMATION_FORMAT = "dwarf-with-dsym";
				ENABLE_NS_ASSERTIONS = NO;
				ENABLE_STRICT_OBJC_MSGSEND = YES;
				GCC_C_LANGUAGE_STANDARD = gnu11;
				GCC_NO_COMMON_BLOCKS = YES;
				GCC_WARN_64_TO_32_BIT_CONVERSION = YES;
				GCC_WARN_ABOUT_RETURN_TYPE = YES_ERROR;
				GCC_WARN_UNDECLARED_SELECTOR = YES;
				GCC_WARN_UNINITIALIZED_AUTOS = YES_AGGRESSIVE;
				GCC_WARN_UNUSED_FUNCTION = YES;
				GCC_WARN_UNUSED_VARIABLE = YES;
				IPHONEOS_DEPLOYMENT_TARGET = 11.2;
				MTL_ENABLE_DEBUG_INFO = NO;
				SDKROOT = iphoneos;
				SWIFT_OPTIMIZATION_LEVEL = "-Owholemodule";
				VALIDATE_PRODUCT = YES;
			};
			name = Release;
		};
		B81A6AB6202592D0008123D5 /* Debug */ = {
			isa = XCBuildConfiguration;
			baseConfigurationReference = EA220F3729CC82EB5C8FD827 /* Pods-moneyManagement.debug.xcconfig */;
			buildSettings = {
				ASSETCATALOG_COMPILER_APPICON_NAME = AppIcon;
				CODE_SIGN_STYLE = Automatic;
				DEVELOPMENT_TEAM = SV8A47274A;
				INFOPLIST_FILE = moneyManagement/Info.plist;
				LD_RUNPATH_SEARCH_PATHS = "$(inherited) @executable_path/Frameworks";
				PRODUCT_BUNDLE_IDENTIFIER = U.moneyManagement;
				PRODUCT_NAME = "$(TARGET_NAME)";
				SWIFT_VERSION = 4.0;
				TARGETED_DEVICE_FAMILY = 2;
			};
			name = Debug;
		};
		B81A6AB7202592D0008123D5 /* Release */ = {
			isa = XCBuildConfiguration;
			baseConfigurationReference = 4120E75D49DB2F927D347F16 /* Pods-moneyManagement.release.xcconfig */;
			buildSettings = {
				ASSETCATALOG_COMPILER_APPICON_NAME = AppIcon;
				CODE_SIGN_STYLE = Automatic;
				DEVELOPMENT_TEAM = SV8A47274A;
				INFOPLIST_FILE = moneyManagement/Info.plist;
				LD_RUNPATH_SEARCH_PATHS = "$(inherited) @executable_path/Frameworks";
				PRODUCT_BUNDLE_IDENTIFIER = U.moneyManagement;
				PRODUCT_NAME = "$(TARGET_NAME)";
				SWIFT_VERSION = 4.0;
				TARGETED_DEVICE_FAMILY = 2;
			};
			name = Release;
		};
/* End XCBuildConfiguration section */

/* Begin XCConfigurationList section */
		B81A6A9E202592CF008123D5 /* Build configuration list for PBXProject "moneyManagement" */ = {
			isa = XCConfigurationList;
			buildConfigurations = (
				B81A6AB3202592D0008123D5 /* Debug */,
				B81A6AB4202592D0008123D5 /* Release */,
			);
			defaultConfigurationIsVisible = 0;
			defaultConfigurationName = Release;
		};
		B81A6AB5202592D0008123D5 /* Build configuration list for PBXNativeTarget "moneyManagement" */ = {
			isa = XCConfigurationList;
			buildConfigurations = (
				B81A6AB6202592D0008123D5 /* Debug */,
				B81A6AB7202592D0008123D5 /* Release */,
			);
			defaultConfigurationIsVisible = 0;
			defaultConfigurationName = Release;
		};
/* End XCConfigurationList section */
	};
	rootObject = B81A6A9B202592CF008123D5 /* Project object */;
}
