// !$*UTF8*$!
{
	archiveVersion = 1;
	classes = {
	};
	objectVersion = 48;
	objects = {

/* Begin PBXBuildFile section */
		153722AFC8421A5631BD7713 /* Pods_test.framework in Frameworks */ = {isa = PBXBuildFile; fileRef = A555DA86656DC4338ED5AC63 /* Pods_test.framework */; };
		2D26A96AB17A2CF761CAA3F5 /* Pods_testTests.framework in Frameworks */ = {isa = PBXBuildFile; fileRef = 916A1B9ACBCA172C8105C300 /* Pods_testTests.framework */; };
		6F32C95625026003A2A1AEB0 /* Pods_testUITests.framework in Frameworks */ = {isa = PBXBuildFile; fileRef = 1496AE2E625F09343A405B46 /* Pods_testUITests.framework */; };
		77E13CF81FE4DF350026792C /* AppDelegate.swift in Sources */ = {isa = PBXBuildFile; fileRef = 77E13CF71FE4DF350026792C /* AppDelegate.swift */; };
		77E13CFA1FE4DF350026792C /* CalendarViewController.swift in Sources */ = {isa = PBXBuildFile; fileRef = 77E13CF91FE4DF350026792C /* CalendarViewController.swift */; };
		77E13CFD1FE4DF350026792C /* Main.storyboard in Resources */ = {isa = PBXBuildFile; fileRef = 77E13CFB1FE4DF350026792C /* Main.storyboard */; };
		77E13CFF1FE4DF350026792C /* Assets.xcassets in Resources */ = {isa = PBXBuildFile; fileRef = 77E13CFE1FE4DF350026792C /* Assets.xcassets */; };
		77E13D021FE4DF350026792C /* LaunchScreen.storyboard in Resources */ = {isa = PBXBuildFile; fileRef = 77E13D001FE4DF350026792C /* LaunchScreen.storyboard */; };
		77E13D0D1FE4DF350026792C /* testTests.swift in Sources */ = {isa = PBXBuildFile; fileRef = 77E13D0C1FE4DF350026792C /* testTests.swift */; };
		77E13D181FE4DF350026792C /* testUITests.swift in Sources */ = {isa = PBXBuildFile; fileRef = 77E13D171FE4DF350026792C /* testUITests.swift */; };
		B836B6311FE7B2FB007D0174 /* InputViewController.swift in Sources */ = {isa = PBXBuildFile; fileRef = B836B6301FE7B2FB007D0174 /* InputViewController.swift */; };
		B8636D031FE5EB9700F4BBB9 /* Calendar.storyboard in Resources */ = {isa = PBXBuildFile; fileRef = B8636D021FE5EB9700F4BBB9 /* Calendar.storyboard */; };
		B8636D051FE5EBA800F4BBB9 /* Earning.storyboard in Resources */ = {isa = PBXBuildFile; fileRef = B8636D041FE5EBA800F4BBB9 /* Earning.storyboard */; };
		B8636D071FE5EBB000F4BBB9 /* Input.storyboard in Resources */ = {isa = PBXBuildFile; fileRef = B8636D061FE5EBB000F4BBB9 /* Input.storyboard */; };
		B8636D091FE5EBB800F4BBB9 /* Setting.storyboard in Resources */ = {isa = PBXBuildFile; fileRef = B8636D081FE5EBB800F4BBB9 /* Setting.storyboard */; };
		B8A202FB201F19A800FB4403 /* Income.swift in Sources */ = {isa = PBXBuildFile; fileRef = B8A202FA201F19A800FB4403 /* Income.swift */; };
		B8A202FD201F19CC00FB4403 /* Expence.swift in Sources */ = {isa = PBXBuildFile; fileRef = B8A202FC201F19CC00FB4403 /* Expence.swift */; };
		B8BEB3AC2019720D00F4DC07 /* Database.swift in Sources */ = {isa = PBXBuildFile; fileRef = B8BEB3AB2019720D00F4DC07 /* Database.swift */; };
		B8D57FC12023401400491FEC /* EarningViewController.swift in Sources */ = {isa = PBXBuildFile; fileRef = B8D57FC02023401400491FEC /* EarningViewController.swift */; };
/* End PBXBuildFile section */

/* Begin PBXContainerItemProxy section */
		77E13D091FE4DF350026792C /* PBXContainerItemProxy */ = {
			isa = PBXContainerItemProxy;
			containerPortal = 77E13CEC1FE4DF350026792C /* Project object */;
			proxyType = 1;
			remoteGlobalIDString = 77E13CF31FE4DF350026792C;
			remoteInfo = test;
		};
		77E13D141FE4DF350026792C /* PBXContainerItemProxy */ = {
			isa = PBXContainerItemProxy;
			containerPortal = 77E13CEC1FE4DF350026792C /* Project object */;
			proxyType = 1;
			remoteGlobalIDString = 77E13CF31FE4DF350026792C;
			remoteInfo = test;
		};
/* End PBXContainerItemProxy section */

/* Begin PBXFileReference section */
		1496AE2E625F09343A405B46 /* Pods_testUITests.framework */ = {isa = PBXFileReference; explicitFileType = wrapper.framework; includeInIndex = 0; path = Pods_testUITests.framework; sourceTree = BUILT_PRODUCTS_DIR; };
		5488122B2A05DE372DE489A5 /* Pods-testTests.debug.xcconfig */ = {isa = PBXFileReference; includeInIndex = 1; lastKnownFileType = text.xcconfig; name = "Pods-testTests.debug.xcconfig"; path = "Pods/Target Support Files/Pods-testTests/Pods-testTests.debug.xcconfig"; sourceTree = "<group>"; };
		77E13CF41FE4DF350026792C /* test.app */ = {isa = PBXFileReference; explicitFileType = wrapper.application; includeInIndex = 0; path = test.app; sourceTree = BUILT_PRODUCTS_DIR; };
		77E13CF71FE4DF350026792C /* AppDelegate.swift */ = {isa = PBXFileReference; lastKnownFileType = sourcecode.swift; path = AppDelegate.swift; sourceTree = "<group>"; };
		77E13CF91FE4DF350026792C /* CalendarViewController.swift */ = {isa = PBXFileReference; lastKnownFileType = sourcecode.swift; path = CalendarViewController.swift; sourceTree = "<group>"; };
		77E13CFC1FE4DF350026792C /* Base */ = {isa = PBXFileReference; lastKnownFileType = file.storyboard; name = Base; path = Base.lproj/Main.storyboard; sourceTree = "<group>"; };
		77E13CFE1FE4DF350026792C /* Assets.xcassets */ = {isa = PBXFileReference; lastKnownFileType = folder.assetcatalog; path = Assets.xcassets; sourceTree = "<group>"; };
		77E13D011FE4DF350026792C /* Base */ = {isa = PBXFileReference; lastKnownFileType = file.storyboard; name = Base; path = Base.lproj/LaunchScreen.storyboard; sourceTree = "<group>"; };
		77E13D031FE4DF350026792C /* Info.plist */ = {isa = PBXFileReference; lastKnownFileType = text.plist.xml; path = Info.plist; sourceTree = "<group>"; };
		77E13D081FE4DF350026792C /* testTests.xctest */ = {isa = PBXFileReference; explicitFileType = wrapper.cfbundle; includeInIndex = 0; path = testTests.xctest; sourceTree = BUILT_PRODUCTS_DIR; };
		77E13D0C1FE4DF350026792C /* testTests.swift */ = {isa = PBXFileReference; lastKnownFileType = sourcecode.swift; path = testTests.swift; sourceTree = "<group>"; };
		77E13D0E1FE4DF350026792C /* Info.plist */ = {isa = PBXFileReference; lastKnownFileType = text.plist.xml; path = Info.plist; sourceTree = "<group>"; };
		77E13D131FE4DF350026792C /* testUITests.xctest */ = {isa = PBXFileReference; explicitFileType = wrapper.cfbundle; includeInIndex = 0; path = testUITests.xctest; sourceTree = BUILT_PRODUCTS_DIR; };
		77E13D171FE4DF350026792C /* testUITests.swift */ = {isa = PBXFileReference; lastKnownFileType = sourcecode.swift; path = testUITests.swift; sourceTree = "<group>"; };
		77E13D191FE4DF350026792C /* Info.plist */ = {isa = PBXFileReference; lastKnownFileType = text.plist.xml; path = Info.plist; sourceTree = "<group>"; };
		882CBF1214E6948D17D72688 /* Pods-testUITests.debug.xcconfig */ = {isa = PBXFileReference; includeInIndex = 1; lastKnownFileType = text.xcconfig; name = "Pods-testUITests.debug.xcconfig"; path = "Pods/Target Support Files/Pods-testUITests/Pods-testUITests.debug.xcconfig"; sourceTree = "<group>"; };
		916A1B9ACBCA172C8105C300 /* Pods_testTests.framework */ = {isa = PBXFileReference; explicitFileType = wrapper.framework; includeInIndex = 0; path = Pods_testTests.framework; sourceTree = BUILT_PRODUCTS_DIR; };
		93D1466BE6F79FEB34B7B1FC /* Pods-testTests.release.xcconfig */ = {isa = PBXFileReference; includeInIndex = 1; lastKnownFileType = text.xcconfig; name = "Pods-testTests.release.xcconfig"; path = "Pods/Target Support Files/Pods-testTests/Pods-testTests.release.xcconfig"; sourceTree = "<group>"; };
		9B33B3D24810015F0265935B /* Pods-test.release.xcconfig */ = {isa = PBXFileReference; includeInIndex = 1; lastKnownFileType = text.xcconfig; name = "Pods-test.release.xcconfig"; path = "Pods/Target Support Files/Pods-test/Pods-test.release.xcconfig"; sourceTree = "<group>"; };
		A4E4DCD25572F8C8D25E174A /* Pods-testUITests.release.xcconfig */ = {isa = PBXFileReference; includeInIndex = 1; lastKnownFileType = text.xcconfig; name = "Pods-testUITests.release.xcconfig"; path = "Pods/Target Support Files/Pods-testUITests/Pods-testUITests.release.xcconfig"; sourceTree = "<group>"; };
		A555DA86656DC4338ED5AC63 /* Pods_test.framework */ = {isa = PBXFileReference; explicitFileType = wrapper.framework; includeInIndex = 0; path = Pods_test.framework; sourceTree = BUILT_PRODUCTS_DIR; };
		B836B6301FE7B2FB007D0174 /* InputViewController.swift */ = {isa = PBXFileReference; lastKnownFileType = sourcecode.swift; name = InputViewController.swift; path = /Users/e165728/xcodeProjects/Modeling_H/test/test/InputViewController.swift; sourceTree = "<absolute>"; };
		B8636D021FE5EB9700F4BBB9 /* Calendar.storyboard */ = {isa = PBXFileReference; lastKnownFileType = file.storyboard; path = Calendar.storyboard; sourceTree = "<group>"; };
		B8636D041FE5EBA800F4BBB9 /* Earning.storyboard */ = {isa = PBXFileReference; lastKnownFileType = file.storyboard; path = Earning.storyboard; sourceTree = "<group>"; };
		B8636D061FE5EBB000F4BBB9 /* Input.storyboard */ = {isa = PBXFileReference; lastKnownFileType = file.storyboard; path = Input.storyboard; sourceTree = "<group>"; };
		B8636D081FE5EBB800F4BBB9 /* Setting.storyboard */ = {isa = PBXFileReference; lastKnownFileType = file.storyboard; path = Setting.storyboard; sourceTree = "<group>"; };
		B8A202FA201F19A800FB4403 /* Income.swift */ = {isa = PBXFileReference; lastKnownFileType = sourcecode.swift; path = Income.swift; sourceTree = "<group>"; };
		B8A202FC201F19CC00FB4403 /* Expence.swift */ = {isa = PBXFileReference; lastKnownFileType = sourcecode.swift; path = Expence.swift; sourceTree = "<group>"; };
		B8BEB3AB2019720D00F4DC07 /* Database.swift */ = {isa = PBXFileReference; lastKnownFileType = sourcecode.swift; path = Database.swift; sourceTree = "<group>"; };
		B8D57FC02023401400491FEC /* EarningViewController.swift */ = {isa = PBXFileReference; lastKnownFileType = sourcecode.swift; name = EarningViewController.swift; path = ../EarningViewController.swift; sourceTree = "<group>"; };
		F73F345B347555E31D5E3534 /* Pods-test.debug.xcconfig */ = {isa = PBXFileReference; includeInIndex = 1; lastKnownFileType = text.xcconfig; name = "Pods-test.debug.xcconfig"; path = "Pods/Target Support Files/Pods-test/Pods-test.debug.xcconfig"; sourceTree = "<group>"; };
/* End PBXFileReference section */

/* Begin PBXFrameworksBuildPhase section */
		77E13CF11FE4DF350026792C /* Frameworks */ = {
			isa = PBXFrameworksBuildPhase;
			buildActionMask = 2147483647;
			files = (
				153722AFC8421A5631BD7713 /* Pods_test.framework in Frameworks */,
			);
			runOnlyForDeploymentPostprocessing = 0;
		};
		77E13D051FE4DF350026792C /* Frameworks */ = {
			isa = PBXFrameworksBuildPhase;
			buildActionMask = 2147483647;
			files = (
				2D26A96AB17A2CF761CAA3F5 /* Pods_testTests.framework in Frameworks */,
			);
			runOnlyForDeploymentPostprocessing = 0;
		};
		77E13D101FE4DF350026792C /* Frameworks */ = {
			isa = PBXFrameworksBuildPhase;
			buildActionMask = 2147483647;
			files = (
				6F32C95625026003A2A1AEB0 /* Pods_testUITests.framework in Frameworks */,
			);
			runOnlyForDeploymentPostprocessing = 0;
		};
/* End PBXFrameworksBuildPhase section */

/* Begin PBXGroup section */
		32676B5786F32891D2153D68 /* Frameworks */ = {
			isa = PBXGroup;
			children = (
				A555DA86656DC4338ED5AC63 /* Pods_test.framework */,
				916A1B9ACBCA172C8105C300 /* Pods_testTests.framework */,
				1496AE2E625F09343A405B46 /* Pods_testUITests.framework */,
			);
			name = Frameworks;
			sourceTree = "<group>";
		};
		77E13CEB1FE4DF350026792C = {
			isa = PBXGroup;
			children = (
				77E13CF61FE4DF350026792C /* test */,
				77E13D0B1FE4DF350026792C /* testTests */,
				77E13D161FE4DF350026792C /* testUITests */,
				77E13CF51FE4DF350026792C /* Products */,
				822238A771C250F423CDC437 /* Pods */,
				32676B5786F32891D2153D68 /* Frameworks */,
			);
			sourceTree = "<group>";
		};
		77E13CF51FE4DF350026792C /* Products */ = {
			isa = PBXGroup;
			children = (
				77E13CF41FE4DF350026792C /* test.app */,
				77E13D081FE4DF350026792C /* testTests.xctest */,
				77E13D131FE4DF350026792C /* testUITests.xctest */,
			);
			name = Products;
			sourceTree = "<group>";
		};
		77E13CF61FE4DF350026792C /* test */ = {
			isa = PBXGroup;
			children = (
				77E13CF71FE4DF350026792C /* AppDelegate.swift */,
				B8D57FC02023401400491FEC /* EarningViewController.swift */,
				B836B6301FE7B2FB007D0174 /* InputViewController.swift */,
				77E13CF91FE4DF350026792C /* CalendarViewController.swift */,
				B8BEB3AB2019720D00F4DC07 /* Database.swift */,
				B8A202FA201F19A800FB4403 /* Income.swift */,
				B8A202FC201F19CC00FB4403 /* Expence.swift */,
				77E13CFB1FE4DF350026792C /* Main.storyboard */,
				B8636D021FE5EB9700F4BBB9 /* Calendar.storyboard */,
				B8636D041FE5EBA800F4BBB9 /* Earning.storyboard */,
				B8636D061FE5EBB000F4BBB9 /* Input.storyboard */,
				B8636D081FE5EBB800F4BBB9 /* Setting.storyboard */,
				77E13CFE1FE4DF350026792C /* Assets.xcassets */,
				77E13D001FE4DF350026792C /* LaunchScreen.storyboard */,
				77E13D031FE4DF350026792C /* Info.plist */,
			);
			path = test;
			sourceTree = "<group>";
		};
		77E13D0B1FE4DF350026792C /* testTests */ = {
			isa = PBXGroup;
			children = (
				77E13D0C1FE4DF350026792C /* testTests.swift */,
				77E13D0E1FE4DF350026792C /* Info.plist */,
			);
			path = testTests;
			sourceTree = "<group>";
		};
		77E13D161FE4DF350026792C /* testUITests */ = {
			isa = PBXGroup;
			children = (
				77E13D171FE4DF350026792C /* testUITests.swift */,
				77E13D191FE4DF350026792C /* Info.plist */,
			);
			path = testUITests;
			sourceTree = "<group>";
		};
		822238A771C250F423CDC437 /* Pods */ = {
			isa = PBXGroup;
			children = (
				F73F345B347555E31D5E3534 /* Pods-test.debug.xcconfig */,
				9B33B3D24810015F0265935B /* Pods-test.release.xcconfig */,
				5488122B2A05DE372DE489A5 /* Pods-testTests.debug.xcconfig */,
				93D1466BE6F79FEB34B7B1FC /* Pods-testTests.release.xcconfig */,
				882CBF1214E6948D17D72688 /* Pods-testUITests.debug.xcconfig */,
				A4E4DCD25572F8C8D25E174A /* Pods-testUITests.release.xcconfig */,
			);
			name = Pods;
			sourceTree = "<group>";
		};
/* End PBXGroup section */

/* Begin PBXNativeTarget section */
		77E13CF31FE4DF350026792C /* test */ = {
			isa = PBXNativeTarget;
			buildConfigurationList = 77E13D1C1FE4DF350026792C /* Build configuration list for PBXNativeTarget "test" */;
			buildPhases = (
				51475C93BC181659721E5819 /* [CP] Check Pods Manifest.lock */,
				77E13CF01FE4DF350026792C /* Sources */,
				77E13CF11FE4DF350026792C /* Frameworks */,
				77E13CF21FE4DF350026792C /* Resources */,
				DB1DB561AC40E3DAED28641C /* [CP] Embed Pods Frameworks */,
				6566AD6E91587AEF84769867 /* [CP] Copy Pods Resources */,
			);
			buildRules = (
			);
			dependencies = (
			);
			name = test;
			productName = test;
			productReference = 77E13CF41FE4DF350026792C /* test.app */;
			productType = "com.apple.product-type.application";
		};
		77E13D071FE4DF350026792C /* testTests */ = {
			isa = PBXNativeTarget;
			buildConfigurationList = 77E13D1F1FE4DF350026792C /* Build configuration list for PBXNativeTarget "testTests" */;
			buildPhases = (
				AA684AA920FF34F796679780 /* [CP] Check Pods Manifest.lock */,
				77E13D041FE4DF350026792C /* Sources */,
				77E13D051FE4DF350026792C /* Frameworks */,
				77E13D061FE4DF350026792C /* Resources */,
				4DBEAC9115E70534EBAEB798 /* [CP] Embed Pods Frameworks */,
				6A63804A61009E4420812B01 /* [CP] Copy Pods Resources */,
			);
			buildRules = (
			);
			dependencies = (
				77E13D0A1FE4DF350026792C /* PBXTargetDependency */,
			);
			name = testTests;
			productName = testTests;
			productReference = 77E13D081FE4DF350026792C /* testTests.xctest */;
			productType = "com.apple.product-type.bundle.unit-test";
		};
		77E13D121FE4DF350026792C /* testUITests */ = {
			isa = PBXNativeTarget;
			buildConfigurationList = 77E13D221FE4DF350026792C /* Build configuration list for PBXNativeTarget "testUITests" */;
			buildPhases = (
				A5317F600E3738A3F6A1E737 /* [CP] Check Pods Manifest.lock */,
				77E13D0F1FE4DF350026792C /* Sources */,
				77E13D101FE4DF350026792C /* Frameworks */,
				77E13D111FE4DF350026792C /* Resources */,
				786BA9DD22E42A646672E1F4 /* [CP] Embed Pods Frameworks */,
				9504BB618DFEE90B08DF53F0 /* [CP] Copy Pods Resources */,
			);
			buildRules = (
			);
			dependencies = (
				77E13D151FE4DF350026792C /* PBXTargetDependency */,
			);
			name = testUITests;
			productName = testUITests;
			productReference = 77E13D131FE4DF350026792C /* testUITests.xctest */;
			productType = "com.apple.product-type.bundle.ui-testing";
		};
/* End PBXNativeTarget section */

/* Begin PBXProject section */
		77E13CEC1FE4DF350026792C /* Project object */ = {
			isa = PBXProject;
			attributes = {
				LastSwiftUpdateCheck = 0730;
				LastUpgradeCheck = 0920;
				ORGANIZATIONNAME = "松下亮太";
				TargetAttributes = {
					77E13CF31FE4DF350026792C = {
						CreatedOnToolsVersion = 7.3;
						DevelopmentTeam = SV8A47274A;
					};
					77E13D071FE4DF350026792C = {
						CreatedOnToolsVersion = 7.3;
						TestTargetID = 77E13CF31FE4DF350026792C;
					};
					77E13D121FE4DF350026792C = {
						CreatedOnToolsVersion = 7.3;
						TestTargetID = 77E13CF31FE4DF350026792C;
					};
				};
			};
			buildConfigurationList = 77E13CEF1FE4DF350026792C /* Build configuration list for PBXProject "test" */;
			compatibilityVersion = "Xcode 8.0";
			developmentRegion = English;
			hasScannedForEncodings = 0;
			knownRegions = (
				en,
				Base,
			);
			mainGroup = 77E13CEB1FE4DF350026792C;
			productRefGroup = 77E13CF51FE4DF350026792C /* Products */;
			projectDirPath = "";
			projectRoot = "";
			targets = (
				77E13CF31FE4DF350026792C /* test */,
				77E13D071FE4DF350026792C /* testTests */,
				77E13D121FE4DF350026792C /* testUITests */,
			);
		};
/* End PBXProject section */

/* Begin PBXResourcesBuildPhase section */
		77E13CF21FE4DF350026792C /* Resources */ = {
			isa = PBXResourcesBuildPhase;
			buildActionMask = 2147483647;
			files = (
				B8636D031FE5EB9700F4BBB9 /* Calendar.storyboard in Resources */,
				B8636D071FE5EBB000F4BBB9 /* Input.storyboard in Resources */,
				B8636D091FE5EBB800F4BBB9 /* Setting.storyboard in Resources */,
				77E13D021FE4DF350026792C /* LaunchScreen.storyboard in Resources */,
				B8636D051FE5EBA800F4BBB9 /* Earning.storyboard in Resources */,
				77E13CFF1FE4DF350026792C /* Assets.xcassets in Resources */,
				77E13CFD1FE4DF350026792C /* Main.storyboard in Resources */,
			);
			runOnlyForDeploymentPostprocessing = 0;
		};
		77E13D061FE4DF350026792C /* Resources */ = {
			isa = PBXResourcesBuildPhase;
			buildActionMask = 2147483647;
			files = (
			);
			runOnlyForDeploymentPostprocessing = 0;
		};
		77E13D111FE4DF350026792C /* Resources */ = {
			isa = PBXResourcesBuildPhase;
			buildActionMask = 2147483647;
			files = (
			);
			runOnlyForDeploymentPostprocessing = 0;
		};
/* End PBXResourcesBuildPhase section */

/* Begin PBXShellScriptBuildPhase section */
		4DBEAC9115E70534EBAEB798 /* [CP] Embed Pods Frameworks */ = {
			isa = PBXShellScriptBuildPhase;
			buildActionMask = 2147483647;
			files = (
			);
			inputPaths = (
			);
			name = "[CP] Embed Pods Frameworks";
			outputPaths = (
			);
			runOnlyForDeploymentPostprocessing = 0;
			shellPath = /bin/sh;
			shellScript = "\"${SRCROOT}/Pods/Target Support Files/Pods-testTests/Pods-testTests-frameworks.sh\"\n";
			showEnvVarsInLog = 0;
		};
		51475C93BC181659721E5819 /* [CP] Check Pods Manifest.lock */ = {
			isa = PBXShellScriptBuildPhase;
			buildActionMask = 2147483647;
			files = (
			);
			inputPaths = (
				"${PODS_PODFILE_DIR_PATH}/Podfile.lock",
				"${PODS_ROOT}/Manifest.lock",
			);
			name = "[CP] Check Pods Manifest.lock";
			outputPaths = (
				"$(DERIVED_FILE_DIR)/Pods-test-checkManifestLockResult.txt",
			);
			runOnlyForDeploymentPostprocessing = 0;
			shellPath = /bin/sh;
			shellScript = "diff \"${PODS_PODFILE_DIR_PATH}/Podfile.lock\" \"${PODS_ROOT}/Manifest.lock\" > /dev/null\nif [ $? != 0 ] ; then\n    # print error to STDERR\n    echo \"error: The sandbox is not in sync with the Podfile.lock. Run 'pod install' or update your CocoaPods installation.\" >&2\n    exit 1\nfi\n# This output is used by Xcode 'outputs' to avoid re-running this script phase.\necho \"SUCCESS\" > \"${SCRIPT_OUTPUT_FILE_0}\"\n";
			showEnvVarsInLog = 0;
		};
		6566AD6E91587AEF84769867 /* [CP] Copy Pods Resources */ = {
			isa = PBXShellScriptBuildPhase;
			buildActionMask = 2147483647;
			files = (
			);
			inputPaths = (
			);
			name = "[CP] Copy Pods Resources";
			outputPaths = (
			);
			runOnlyForDeploymentPostprocessing = 0;
			shellPath = /bin/sh;
			shellScript = "\"${SRCROOT}/Pods/Target Support Files/Pods-test/Pods-test-resources.sh\"\n";
			showEnvVarsInLog = 0;
		};
		6A63804A61009E4420812B01 /* [CP] Copy Pods Resources */ = {
			isa = PBXShellScriptBuildPhase;
			buildActionMask = 2147483647;
			files = (
			);
			inputPaths = (
			);
			name = "[CP] Copy Pods Resources";
			outputPaths = (
			);
			runOnlyForDeploymentPostprocessing = 0;
			shellPath = /bin/sh;
			shellScript = "\"${SRCROOT}/Pods/Target Support Files/Pods-testTests/Pods-testTests-resources.sh\"\n";
			showEnvVarsInLog = 0;
		};
		786BA9DD22E42A646672E1F4 /* [CP] Embed Pods Frameworks */ = {
			isa = PBXShellScriptBuildPhase;
			buildActionMask = 2147483647;
			files = (
			);
			inputPaths = (
			);
			name = "[CP] Embed Pods Frameworks";
			outputPaths = (
			);
			runOnlyForDeploymentPostprocessing = 0;
			shellPath = /bin/sh;
			shellScript = "\"${SRCROOT}/Pods/Target Support Files/Pods-testUITests/Pods-testUITests-frameworks.sh\"\n";
			showEnvVarsInLog = 0;
		};
		9504BB618DFEE90B08DF53F0 /* [CP] Copy Pods Resources */ = {
			isa = PBXShellScriptBuildPhase;
			buildActionMask = 2147483647;
			files = (
			);
			inputPaths = (
			);
			name = "[CP] Copy Pods Resources";
			outputPaths = (
			);
			runOnlyForDeploymentPostprocessing = 0;
			shellPath = /bin/sh;
			shellScript = "\"${SRCROOT}/Pods/Target Support Files/Pods-testUITests/Pods-testUITests-resources.sh\"\n";
			showEnvVarsInLog = 0;
		};
		A5317F600E3738A3F6A1E737 /* [CP] Check Pods Manifest.lock */ = {
			isa = PBXShellScriptBuildPhase;
			buildActionMask = 2147483647;
			files = (
			);
			inputPaths = (
				"${PODS_PODFILE_DIR_PATH}/Podfile.lock",
				"${PODS_ROOT}/Manifest.lock",
			);
			name = "[CP] Check Pods Manifest.lock";
			outputPaths = (
				"$(DERIVED_FILE_DIR)/Pods-testUITests-checkManifestLockResult.txt",
			);
			runOnlyForDeploymentPostprocessing = 0;
			shellPath = /bin/sh;
			shellScript = "diff \"${PODS_PODFILE_DIR_PATH}/Podfile.lock\" \"${PODS_ROOT}/Manifest.lock\" > /dev/null\nif [ $? != 0 ] ; then\n    # print error to STDERR\n    echo \"error: The sandbox is not in sync with the Podfile.lock. Run 'pod install' or update your CocoaPods installation.\" >&2\n    exit 1\nfi\n# This output is used by Xcode 'outputs' to avoid re-running this script phase.\necho \"SUCCESS\" > \"${SCRIPT_OUTPUT_FILE_0}\"\n";
			showEnvVarsInLog = 0;
		};
		AA684AA920FF34F796679780 /* [CP] Check Pods Manifest.lock */ = {
			isa = PBXShellScriptBuildPhase;
			buildActionMask = 2147483647;
			files = (
			);
			inputPaths = (
				"${PODS_PODFILE_DIR_PATH}/Podfile.lock",
				"${PODS_ROOT}/Manifest.lock",
			);
			name = "[CP] Check Pods Manifest.lock";
			outputPaths = (
				"$(DERIVED_FILE_DIR)/Pods-testTests-checkManifestLockResult.txt",
			);
			runOnlyForDeploymentPostprocessing = 0;
			shellPath = /bin/sh;
			shellScript = "diff \"${PODS_PODFILE_DIR_PATH}/Podfile.lock\" \"${PODS_ROOT}/Manifest.lock\" > /dev/null\nif [ $? != 0 ] ; then\n    # print error to STDERR\n    echo \"error: The sandbox is not in sync with the Podfile.lock. Run 'pod install' or update your CocoaPods installation.\" >&2\n    exit 1\nfi\n# This output is used by Xcode 'outputs' to avoid re-running this script phase.\necho \"SUCCESS\" > \"${SCRIPT_OUTPUT_FILE_0}\"\n";
			showEnvVarsInLog = 0;
		};
		DB1DB561AC40E3DAED28641C /* [CP] Embed Pods Frameworks */ = {
			isa = PBXShellScriptBuildPhase;
			buildActionMask = 2147483647;
			files = (
			);
			inputPaths = (
				"${SRCROOT}/Pods/Target Support Files/Pods-test/Pods-test-frameworks.sh",
				"${BUILT_PRODUCTS_DIR}/CalculateCalendarLogic/CalculateCalendarLogic.framework",
				"${BUILT_PRODUCTS_DIR}/Charts/Charts.framework",
				"${BUILT_PRODUCTS_DIR}/FSCalendar/FSCalendar.framework",
				"${BUILT_PRODUCTS_DIR}/Realm/Realm.framework",
				"${BUILT_PRODUCTS_DIR}/RealmSwift/RealmSwift.framework",
			);
			name = "[CP] Embed Pods Frameworks";
			outputPaths = (
				"${TARGET_BUILD_DIR}/${FRAMEWORKS_FOLDER_PATH}/CalculateCalendarLogic.framework",
				"${TARGET_BUILD_DIR}/${FRAMEWORKS_FOLDER_PATH}/Charts.framework",
				"${TARGET_BUILD_DIR}/${FRAMEWORKS_FOLDER_PATH}/FSCalendar.framework",
				"${TARGET_BUILD_DIR}/${FRAMEWORKS_FOLDER_PATH}/Realm.framework",
				"${TARGET_BUILD_DIR}/${FRAMEWORKS_FOLDER_PATH}/RealmSwift.framework",
			);
			runOnlyForDeploymentPostprocessing = 0;
			shellPath = /bin/sh;
			shellScript = "\"${SRCROOT}/Pods/Target Support Files/Pods-test/Pods-test-frameworks.sh\"\n";
			showEnvVarsInLog = 0;
		};
/* End PBXShellScriptBuildPhase section */

/* Begin PBXSourcesBuildPhase section */
		77E13CF01FE4DF350026792C /* Sources */ = {
			isa = PBXSourcesBuildPhase;
			buildActionMask = 2147483647;
			files = (
				B8A202FD201F19CC00FB4403 /* Expence.swift in Sources */,
				B8A202FB201F19A800FB4403 /* Income.swift in Sources */,
				B836B6311FE7B2FB007D0174 /* InputViewController.swift in Sources */,
				77E13CFA1FE4DF350026792C /* CalendarViewController.swift in Sources */,
				77E13CF81FE4DF350026792C /* AppDelegate.swift in Sources */,
				B8BEB3AC2019720D00F4DC07 /* Database.swift in Sources */,
				B8D57FC12023401400491FEC /* EarningViewController.swift in Sources */,
			);
			runOnlyForDeploymentPostprocessing = 0;
		};
		77E13D041FE4DF350026792C /* Sources */ = {
			isa = PBXSourcesBuildPhase;
			buildActionMask = 2147483647;
			files = (
				77E13D0D1FE4DF350026792C /* testTests.swift in Sources */,
			);
			runOnlyForDeploymentPostprocessing = 0;
		};
		77E13D0F1FE4DF350026792C /* Sources */ = {
			isa = PBXSourcesBuildPhase;
			buildActionMask = 2147483647;
			files = (
				77E13D181FE4DF350026792C /* testUITests.swift in Sources */,
			);
			runOnlyForDeploymentPostprocessing = 0;
		};
/* End PBXSourcesBuildPhase section */

/* Begin PBXTargetDependency section */
		77E13D0A1FE4DF350026792C /* PBXTargetDependency */ = {
			isa = PBXTargetDependency;
			target = 77E13CF31FE4DF350026792C /* test */;
			targetProxy = 77E13D091FE4DF350026792C /* PBXContainerItemProxy */;
		};
		77E13D151FE4DF350026792C /* PBXTargetDependency */ = {
			isa = PBXTargetDependency;
			target = 77E13CF31FE4DF350026792C /* test */;
			targetProxy = 77E13D141FE4DF350026792C /* PBXContainerItemProxy */;
		};
/* End PBXTargetDependency section */

/* Begin PBXVariantGroup section */
		77E13CFB1FE4DF350026792C /* Main.storyboard */ = {
			isa = PBXVariantGroup;
			children = (
				77E13CFC1FE4DF350026792C /* Base */,
			);
			name = Main.storyboard;
			sourceTree = "<group>";
		};
		77E13D001FE4DF350026792C /* LaunchScreen.storyboard */ = {
			isa = PBXVariantGroup;
			children = (
				77E13D011FE4DF350026792C /* Base */,
			);
			name = LaunchScreen.storyboard;
			sourceTree = "<group>";
		};
/* End PBXVariantGroup section */

/* Begin XCBuildConfiguration section */
		77E13D1A1FE4DF350026792C /* Debug */ = {
			isa = XCBuildConfiguration;
			buildSettings = {
				ALWAYS_SEARCH_USER_PATHS = NO;
				CLANG_ANALYZER_NONNULL = YES;
				CLANG_CXX_LANGUAGE_STANDARD = "gnu++0x";
				CLANG_CXX_LIBRARY = "libc++";
				CLANG_ENABLE_MODULES = YES;
				CLANG_ENABLE_OBJC_ARC = YES;
				CLANG_WARN_BLOCK_CAPTURE_AUTORELEASING = YES;
				CLANG_WARN_BOOL_CONVERSION = YES;
				CLANG_WARN_COMMA = YES;
				CLANG_WARN_CONSTANT_CONVERSION = YES;
				CLANG_WARN_DIRECT_OBJC_ISA_USAGE = YES_ERROR;
				CLANG_WARN_EMPTY_BODY = YES;
				CLANG_WARN_ENUM_CONVERSION = YES;
				CLANG_WARN_INFINITE_RECURSION = YES;
				CLANG_WARN_INT_CONVERSION = YES;
				CLANG_WARN_NON_LITERAL_NULL_CONVERSION = YES;
				CLANG_WARN_OBJC_LITERAL_CONVERSION = YES;
				CLANG_WARN_OBJC_ROOT_CLASS = YES_ERROR;
				CLANG_WARN_RANGE_LOOP_ANALYSIS = YES;
				CLANG_WARN_STRICT_PROTOTYPES = YES;
				CLANG_WARN_SUSPICIOUS_MOVE = YES;
				CLANG_WARN_UNREACHABLE_CODE = YES;
				CLANG_WARN__DUPLICATE_METHOD_MATCH = YES;
				"CODE_SIGN_IDENTITY[sdk=iphoneos*]" = "iPhone Developer";
				COPY_PHASE_STRIP = NO;
				DEBUG_INFORMATION_FORMAT = dwarf;
				ENABLE_STRICT_OBJC_MSGSEND = YES;
				ENABLE_TESTABILITY = YES;
				GCC_C_LANGUAGE_STANDARD = gnu99;
				GCC_DYNAMIC_NO_PIC = NO;
				GCC_NO_COMMON_BLOCKS = YES;
				GCC_OPTIMIZATION_LEVEL = 0;
				GCC_PREPROCESSOR_DEFINITIONS = (
					"DEBUG=1",
					"$(inherited)",
				);
				GCC_WARN_64_TO_32_BIT_CONVERSION = YES;
				GCC_WARN_ABOUT_RETURN_TYPE = YES_ERROR;
				GCC_WARN_UNDECLARED_SELECTOR = YES;
				GCC_WARN_UNINITIALIZED_AUTOS = YES_AGGRESSIVE;
				GCC_WARN_UNUSED_FUNCTION = YES;
				GCC_WARN_UNUSED_VARIABLE = YES;
				IPHONEOS_DEPLOYMENT_TARGET = 11.2;
				MTL_ENABLE_DEBUG_INFO = YES;
				ONLY_ACTIVE_ARCH = YES;
				SDKROOT = iphoneos;
				SWIFT_OPTIMIZATION_LEVEL = "-Onone";
				SWIFT_VERSION = 4.0;
				TARGETED_DEVICE_FAMILY = 2;
			};
			name = Debug;
		};
		77E13D1B1FE4DF350026792C /* Release */ = {
			isa = XCBuildConfiguration;
			buildSettings = {
				ALWAYS_SEARCH_USER_PATHS = NO;
				CLANG_ANALYZER_NONNULL = YES;
				CLANG_CXX_LANGUAGE_STANDARD = "gnu++0x";
				CLANG_CXX_LIBRARY = "libc++";
				CLANG_ENABLE_MODULES = YES;
				CLANG_ENABLE_OBJC_ARC = YES;
				CLANG_WARN_BLOCK_CAPTURE_AUTORELEASING = YES;
				CLANG_WARN_BOOL_CONVERSION = YES;
				CLANG_WARN_COMMA = YES;
				CLANG_WARN_CONSTANT_CONVERSION = YES;
				CLANG_WARN_DIRECT_OBJC_ISA_USAGE = YES_ERROR;
				CLANG_WARN_EMPTY_BODY = YES;
				CLANG_WARN_ENUM_CONVERSION = YES;
				CLANG_WARN_INFINITE_RECURSION = YES;
				CLANG_WARN_INT_CONVERSION = YES;
				CLANG_WARN_NON_LITERAL_NULL_CONVERSION = YES;
				CLANG_WARN_OBJC_LITERAL_CONVERSION = YES;
				CLANG_WARN_OBJC_ROOT_CLASS = YES_ERROR;
				CLANG_WARN_RANGE_LOOP_ANALYSIS = YES;
				CLANG_WARN_STRICT_PROTOTYPES = YES;
				CLANG_WARN_SUSPICIOUS_MOVE = YES;
				CLANG_WARN_UNREACHABLE_CODE = YES;
				CLANG_WARN__DUPLICATE_METHOD_MATCH = YES;
				"CODE_SIGN_IDENTITY[sdk=iphoneos*]" = "iPhone Developer";
				COPY_PHASE_STRIP = NO;
				DEBUG_INFORMATION_FORMAT = "dwarf-with-dsym";
				ENABLE_NS_ASSERTIONS = NO;
				ENABLE_STRICT_OBJC_MSGSEND = YES;
				GCC_C_LANGUAGE_STANDARD = gnu99;
				GCC_NO_COMMON_BLOCKS = YES;
				GCC_WARN_64_TO_32_BIT_CONVERSION = YES;
				GCC_WARN_ABOUT_RETURN_TYPE = YES_ERROR;
				GCC_WARN_UNDECLARED_SELECTOR = YES;
				GCC_WARN_UNINITIALIZED_AUTOS = YES_AGGRESSIVE;
				GCC_WARN_UNUSED_FUNCTION = YES;
				GCC_WARN_UNUSED_VARIABLE = YES;
				IPHONEOS_DEPLOYMENT_TARGET = 11.2;
				MTL_ENABLE_DEBUG_INFO = NO;
				SDKROOT = iphoneos;
				SWIFT_OPTIMIZATION_LEVEL = "-Owholemodule";
				SWIFT_VERSION = 4.0;
				TARGETED_DEVICE_FAMILY = 2;
				VALIDATE_PRODUCT = YES;
			};
			name = Release;
		};
		77E13D1D1FE4DF350026792C /* Debug */ = {
			isa = XCBuildConfiguration;
			baseConfigurationReference = F73F345B347555E31D5E3534 /* Pods-test.debug.xcconfig */;
			buildSettings = {
				ASSETCATALOG_COMPILER_APPICON_NAME = AppIcon;
				DEVELOPMENT_TEAM = SV8A47274A;
				INFOPLIST_FILE = test/Info.plist;
				LD_RUNPATH_SEARCH_PATHS = "$(inherited) @executable_path/Frameworks";
				PRODUCT_BUNDLE_IDENTIFIER = "jp.ac.u-ryukyu.ie.modeling-calander";
				PRODUCT_NAME = "$(TARGET_NAME)";
				SWIFT_VERSION = 4.0;
				TARGETED_DEVICE_FAMILY = 2;
			};
			name = Debug;
		};
		77E13D1E1FE4DF350026792C /* Release */ = {
			isa = XCBuildConfiguration;
			baseConfigurationReference = 9B33B3D24810015F0265935B /* Pods-test.release.xcconfig */;
			buildSettings = {
				ASSETCATALOG_COMPILER_APPICON_NAME = AppIcon;
				DEVELOPMENT_TEAM = SV8A47274A;
				INFOPLIST_FILE = test/Info.plist;
				LD_RUNPATH_SEARCH_PATHS = "$(inherited) @executable_path/Frameworks";
				PRODUCT_BUNDLE_IDENTIFIER = "jp.ac.u-ryukyu.ie.modeling-calander";
				PRODUCT_NAME = "$(TARGET_NAME)";
				SWIFT_VERSION = 4.0;
				TARGETED_DEVICE_FAMILY = 2;
			};
			name = Release;
		};
		77E13D201FE4DF350026792C /* Debug */ = {
			isa = XCBuildConfiguration;
			baseConfigurationReference = 5488122B2A05DE372DE489A5 /* Pods-testTests.debug.xcconfig */;
			buildSettings = {
				BUNDLE_LOADER = "$(TEST_HOST)";
				INFOPLIST_FILE = testTests/Info.plist;
				LD_RUNPATH_SEARCH_PATHS = "$(inherited) @executable_path/Frameworks @loader_path/Frameworks";
				PRODUCT_BUNDLE_IDENTIFIER = a.testTests;
				PRODUCT_NAME = "$(TARGET_NAME)";
				TEST_HOST = "$(BUILT_PRODUCTS_DIR)/test.app/test";
			};
			name = Debug;
		};
		77E13D211FE4DF350026792C /* Release */ = {
			isa = XCBuildConfiguration;
			baseConfigurationReference = 93D1466BE6F79FEB34B7B1FC /* Pods-testTests.release.xcconfig */;
			buildSettings = {
				BUNDLE_LOADER = "$(TEST_HOST)";
				INFOPLIST_FILE = testTests/Info.plist;
				LD_RUNPATH_SEARCH_PATHS = "$(inherited) @executable_path/Frameworks @loader_path/Frameworks";
				PRODUCT_BUNDLE_IDENTIFIER = a.testTests;
				PRODUCT_NAME = "$(TARGET_NAME)";
				TEST_HOST = "$(BUILT_PRODUCTS_DIR)/test.app/test";
			};
			name = Release;
		};
		77E13D231FE4DF350026792C /* Debug */ = {
			isa = XCBuildConfiguration;
			baseConfigurationReference = 882CBF1214E6948D17D72688 /* Pods-testUITests.debug.xcconfig */;
			buildSettings = {
				INFOPLIST_FILE = testUITests/Info.plist;
				LD_RUNPATH_SEARCH_PATHS = "$(inherited) @executable_path/Frameworks @loader_path/Frameworks";
				PRODUCT_BUNDLE_IDENTIFIER = a.testUITests;
				PRODUCT_NAME = "$(TARGET_NAME)";
				TEST_TARGET_NAME = test;
			};
			name = Debug;
		};
		77E13D241FE4DF350026792C /* Release */ = {
			isa = XCBuildConfiguration;
			baseConfigurationReference = A4E4DCD25572F8C8D25E174A /* Pods-testUITests.release.xcconfig */;
			buildSettings = {
				INFOPLIST_FILE = testUITests/Info.plist;
				LD_RUNPATH_SEARCH_PATHS = "$(inherited) @executable_path/Frameworks @loader_path/Frameworks";
				PRODUCT_BUNDLE_IDENTIFIER = a.testUITests;
				PRODUCT_NAME = "$(TARGET_NAME)";
				TEST_TARGET_NAME = test;
			};
			name = Release;
		};
/* End XCBuildConfiguration section */

/* Begin XCConfigurationList section */
		77E13CEF1FE4DF350026792C /* Build configuration list for PBXProject "test" */ = {
			isa = XCConfigurationList;
			buildConfigurations = (
				77E13D1A1FE4DF350026792C /* Debug */,
				77E13D1B1FE4DF350026792C /* Release */,
			);
			defaultConfigurationIsVisible = 0;
			defaultConfigurationName = Release;
		};
		77E13D1C1FE4DF350026792C /* Build configuration list for PBXNativeTarget "test" */ = {
			isa = XCConfigurationList;
			buildConfigurations = (
				77E13D1D1FE4DF350026792C /* Debug */,
				77E13D1E1FE4DF350026792C /* Release */,
			);
			defaultConfigurationIsVisible = 0;
			defaultConfigurationName = Release;
		};
		77E13D1F1FE4DF350026792C /* Build configuration list for PBXNativeTarget "testTests" */ = {
			isa = XCConfigurationList;
			buildConfigurations = (
				77E13D201FE4DF350026792C /* Debug */,
				77E13D211FE4DF350026792C /* Release */,
			);
			defaultConfigurationIsVisible = 0;
			defaultConfigurationName = Release;
		};
		77E13D221FE4DF350026792C /* Build configuration list for PBXNativeTarget "testUITests" */ = {
			isa = XCConfigurationList;
			buildConfigurations = (
				77E13D231FE4DF350026792C /* Debug */,
				77E13D241FE4DF350026792C /* Release */,
			);
			defaultConfigurationIsVisible = 0;
			defaultConfigurationName = Release;
		};
/* End XCConfigurationList section */
	};
	rootObject = 77E13CEC1FE4DF350026792C /* Project object */;
}
